
Microsoft Visual Studio Solution File, Format Version 12.00
# Visual Studio 14
VisualStudioVersion = 14.0.24720.0
MinimumVisualStudioVersion = 10.0.40219.1
Project("{FAE04EC0-301F-11D3-BF4B-00C04F79EFBC}") = "DataStore", "DataStore\DataStore\DataStore.csproj", "{71C101C3-42BA-4328-B759-94076CCF58A8}"
EndProject
Project("{FAE04EC0-301F-11D3-BF4B-00C04F79EFBC}") = "DataStore.Android", "DataStore\DataStore.Android\DataStore.Android.csproj", "{13E6A6DC-C235-4338-823B-2C24208A1C7C}"
EndProject
Project("{FAE04EC0-301F-11D3-BF4B-00C04F79EFBC}") = "DataStore.iOS", "DataStore\DataStore.iOS\DataStore.iOS.csproj", "{9B46BC0A-31D3-4B7E-A770-3319C091A250}"
EndProject
Project("{2150E333-8FDC-42A3-9474-1A3956D46DE8}") = "UI", "UI", "{550BB933-480D-432D-9C48-655DACA592BA}"
EndProject
Project("{2150E333-8FDC-42A3-9474-1A3956D46DE8}") = "Targets", "Targets", "{5714ABEB-D203-45C1-95A8-A7FD066CBFEE}"
EndProject
Project("{2150E333-8FDC-42A3-9474-1A3956D46DE8}") = "Common", "Common", "{A2C58E1B-B586-461A-B924-4422A69F36D2}"
EndProject
Project("{FAE04EC0-301F-11D3-BF4B-00C04F79EFBC}") = "DataStore.Models", "DataStore.Models\DataStore.Models.csproj", "{67F9D3A8-F71E-4428-913F-C37AE82CDB24}"
EndProject
Project("{FAE04EC0-301F-11D3-BF4B-00C04F79EFBC}") = "Infrastructure", "Infrastructure\Infrastructure.csproj", "{BFB4A21F-4512-4950-9B94-0A6B4BCD94D6}"
EndProject
Project("{FAE04EC0-301F-11D3-BF4B-00C04F79EFBC}") = "DataStore.Data", "DataStore.Data\DataStore.Data.csproj", "{083BC3D2-4B2F-4F34-91FE-E949D4D2F8F9}"
EndProject
Project("{2150E333-8FDC-42A3-9474-1A3956D46DE8}") = "Data", "Data", "{92F66B9E-B584-4B45-AE55-C4DFD722FBA1}"
EndProject
Global
	GlobalSection(SolutionConfigurationPlatforms) = preSolution
		Debug|Any CPU = Debug|Any CPU
		Debug|iPhone = Debug|iPhone
		Debug|iPhoneSimulator = Debug|iPhoneSimulator
		Release|Any CPU = Release|Any CPU
		Release|iPhone = Release|iPhone
		Release|iPhoneSimulator = Release|iPhoneSimulator
	EndGlobalSection
	GlobalSection(ProjectConfigurationPlatforms) = postSolution
		{71C101C3-42BA-4328-B759-94076CCF58A8}.Debug|Any CPU.ActiveCfg = Debug|Any CPU
		{71C101C3-42BA-4328-B759-94076CCF58A8}.Debug|Any CPU.Build.0 = Debug|Any CPU
		{71C101C3-42BA-4328-B759-94076CCF58A8}.Debug|iPhone.ActiveCfg = Debug|Any CPU
		{71C101C3-42BA-4328-B759-94076CCF58A8}.Debug|iPhone.Build.0 = Debug|Any CPU
		{71C101C3-42BA-4328-B759-94076CCF58A8}.Debug|iPhoneSimulator.ActiveCfg = Debug|Any CPU
		{71C101C3-42BA-4328-B759-94076CCF58A8}.Debug|iPhoneSimulator.Build.0 = Debug|Any CPU
		{71C101C3-42BA-4328-B759-94076CCF58A8}.Release|Any CPU.ActiveCfg = Release|Any CPU
		{71C101C3-42BA-4328-B759-94076CCF58A8}.Release|Any CPU.Build.0 = Release|Any CPU
		{71C101C3-42BA-4328-B759-94076CCF58A8}.Release|iPhone.ActiveCfg = Release|Any CPU
		{71C101C3-42BA-4328-B759-94076CCF58A8}.Release|iPhone.Build.0 = Release|Any CPU
		{71C101C3-42BA-4328-B759-94076CCF58A8}.Release|iPhoneSimulator.ActiveCfg = Release|Any CPU
		{71C101C3-42BA-4328-B759-94076CCF58A8}.Release|iPhoneSimulator.Build.0 = Release|Any CPU
		{13E6A6DC-C235-4338-823B-2C24208A1C7C}.Debug|Any CPU.ActiveCfg = Debug|Any CPU
		{13E6A6DC-C235-4338-823B-2C24208A1C7C}.Debug|Any CPU.Build.0 = Debug|Any CPU
		{13E6A6DC-C235-4338-823B-2C24208A1C7C}.Debug|Any CPU.Deploy.0 = Debug|Any CPU
		{13E6A6DC-C235-4338-823B-2C24208A1C7C}.Debug|iPhone.ActiveCfg = Debug|Any CPU
		{13E6A6DC-C235-4338-823B-2C24208A1C7C}.Debug|iPhone.Build.0 = Debug|Any CPU
		{13E6A6DC-C235-4338-823B-2C24208A1C7C}.Debug|iPhone.Deploy.0 = Debug|Any CPU
		{13E6A6DC-C235-4338-823B-2C24208A1C7C}.Debug|iPhoneSimulator.ActiveCfg = Debug|Any CPU
		{13E6A6DC-C235-4338-823B-2C24208A1C7C}.Debug|iPhoneSimulator.Build.0 = Debug|Any CPU
		{13E6A6DC-C235-4338-823B-2C24208A1C7C}.Debug|iPhoneSimulator.Deploy.0 = Debug|Any CPU
		{13E6A6DC-C235-4338-823B-2C24208A1C7C}.Release|Any CPU.ActiveCfg = Release|Any CPU
		{13E6A6DC-C235-4338-823B-2C24208A1C7C}.Release|Any CPU.Build.0 = Release|Any CPU
		{13E6A6DC-C235-4338-823B-2C24208A1C7C}.Release|Any CPU.Deploy.0 = Release|Any CPU
		{13E6A6DC-C235-4338-823B-2C24208A1C7C}.Release|iPhone.ActiveCfg = Release|Any CPU
		{13E6A6DC-C235-4338-823B-2C24208A1C7C}.Release|iPhone.Build.0 = Release|Any CPU
		{13E6A6DC-C235-4338-823B-2C24208A1C7C}.Release|iPhone.Deploy.0 = Release|Any CPU
		{13E6A6DC-C235-4338-823B-2C24208A1C7C}.Release|iPhoneSimulator.ActiveCfg = Release|Any CPU
		{13E6A6DC-C235-4338-823B-2C24208A1C7C}.Release|iPhoneSimulator.Build.0 = Release|Any CPU
		{13E6A6DC-C235-4338-823B-2C24208A1C7C}.Release|iPhoneSimulator.Deploy.0 = Release|Any CPU
		{9B46BC0A-31D3-4B7E-A770-3319C091A250}.Debug|Any CPU.ActiveCfg = Debug|iPhone
		{9B46BC0A-31D3-4B7E-A770-3319C091A250}.Debug|iPhone.ActiveCfg = Debug|iPhone
		{9B46BC0A-31D3-4B7E-A770-3319C091A250}.Debug|iPhone.Build.0 = Debug|iPhone
		{9B46BC0A-31D3-4B7E-A770-3319C091A250}.Debug|iPhoneSimulator.ActiveCfg = Debug|iPhoneSimulator
		{9B46BC0A-31D3-4B7E-A770-3319C091A250}.Debug|iPhoneSimulator.Build.0 = Debug|iPhoneSimulator
		{9B46BC0A-31D3-4B7E-A770-3319C091A250}.Release|Any CPU.ActiveCfg = Release|iPhone
		{9B46BC0A-31D3-4B7E-A770-3319C091A250}.Release|iPhone.ActiveCfg = Release|iPhone
		{9B46BC0A-31D3-4B7E-A770-3319C091A250}.Release|iPhone.Build.0 = Release|iPhone
		{9B46BC0A-31D3-4B7E-A770-3319C091A250}.Release|iPhoneSimulator.ActiveCfg = Release|iPhoneSimulator
		{9B46BC0A-31D3-4B7E-A770-3319C091A250}.Release|iPhoneSimulator.Build.0 = Release|iPhoneSimulator
		{67F9D3A8-F71E-4428-913F-C37AE82CDB24}.Debug|Any CPU.ActiveCfg = Debug|Any CPU
		{67F9D3A8-F71E-4428-913F-C37AE82CDB24}.Debug|Any CPU.Build.0 = Debug|Any CPU
		{67F9D3A8-F71E-4428-913F-C37AE82CDB24}.Debug|iPhone.ActiveCfg = Debug|Any CPU
		{67F9D3A8-F71E-4428-913F-C37AE82CDB24}.Debug|iPhone.Build.0 = Debug|Any CPU
		{67F9D3A8-F71E-4428-913F-C37AE82CDB24}.Debug|iPhoneSimulator.ActiveCfg = Debug|Any CPU
		{67F9D3A8-F71E-4428-913F-C37AE82CDB24}.Debug|iPhoneSimulator.Build.0 = Debug|Any CPU
		{67F9D3A8-F71E-4428-913F-C37AE82CDB24}.Release|Any CPU.ActiveCfg = Release|Any CPU
		{67F9D3A8-F71E-4428-913F-C37AE82CDB24}.Release|Any CPU.Build.0 = Release|Any CPU
		{67F9D3A8-F71E-4428-913F-C37AE82CDB24}.Release|iPhone.ActiveCfg = Release|Any CPU
		{67F9D3A8-F71E-4428-913F-C37AE82CDB24}.Release|iPhone.Build.0 = Release|Any CPU
		{67F9D3A8-F71E-4428-913F-C37AE82CDB24}.Release|iPhoneSimulator.ActiveCfg = Release|Any CPU
		{67F9D3A8-F71E-4428-913F-C37AE82CDB24}.Release|iPhoneSimulator.Build.0 = Release|Any CPU
		{BFB4A21F-4512-4950-9B94-0A6B4BCD94D6}.Debug|Any CPU.ActiveCfg = Debug|Any CPU
		{BFB4A21F-4512-4950-9B94-0A6B4BCD94D6}.Debug|Any CPU.Build.0 = Debug|Any CPU
		{BFB4A21F-4512-4950-9B94-0A6B4BCD94D6}.Debug|iPhone.ActiveCfg = Debug|Any CPU
		{BFB4A21F-4512-4950-9B94-0A6B4BCD94D6}.Debug|iPhone.Build.0 = Debug|Any CPU
		{BFB4A21F-4512-4950-9B94-0A6B4BCD94D6}.Debug|iPhoneSimulator.ActiveCfg = Debug|Any CPU
		{BFB4A21F-4512-4950-9B94-0A6B4BCD94D6}.Debug|iPhoneSimulator.Build.0 = Debug|Any CPU
		{BFB4A21F-4512-4950-9B94-0A6B4BCD94D6}.Release|Any CPU.ActiveCfg = Release|Any CPU
		{BFB4A21F-4512-4950-9B94-0A6B4BCD94D6}.Release|Any CPU.Build.0 = Release|Any CPU
		{BFB4A21F-4512-4950-9B94-0A6B4BCD94D6}.Release|iPhone.ActiveCfg = Release|Any CPU
		{BFB4A21F-4512-4950-9B94-0A6B4BCD94D6}.Release|iPhone.Build.0 = Release|Any CPU
		{BFB4A21F-4512-4950-9B94-0A6B4BCD94D6}.Release|iPhoneSimulator.ActiveCfg = Release|Any CPU
		{BFB4A21F-4512-4950-9B94-0A6B4BCD94D6}.Release|iPhoneSimulator.Build.0 = Release|Any CPU
		{083BC3D2-4B2F-4F34-91FE-E949D4D2F8F9}.Debug|Any CPU.ActiveCfg = Debug|Any CPU
		{083BC3D2-4B2F-4F34-91FE-E949D4D2F8F9}.Debug|Any CPU.Build.0 = Debug|Any CPU
		{083BC3D2-4B2F-4F34-91FE-E949D4D2F8F9}.Debug|iPhone.ActiveCfg = Debug|Any CPU
		{083BC3D2-4B2F-4F34-91FE-E949D4D2F8F9}.Debug|iPhone.Build.0 = Debug|Any CPU
		{083BC3D2-4B2F-4F34-91FE-E949D4D2F8F9}.Debug|iPhoneSimulator.ActiveCfg = Debug|Any CPU
		{083BC3D2-4B2F-4F34-91FE-E949D4D2F8F9}.Debug|iPhoneSimulator.Build.0 = Debug|Any CPU
		{083BC3D2-4B2F-4F34-91FE-E949D4D2F8F9}.Release|Any CPU.ActiveCfg = Release|Any CPU
		{083BC3D2-4B2F-4F34-91FE-E949D4D2F8F9}.Release|Any CPU.Build.0 = Release|Any CPU
		{083BC3D2-4B2F-4F34-91FE-E949D4D2F8F9}.Release|iPhone.ActiveCfg = Release|Any CPU
		{083BC3D2-4B2F-4F34-91FE-E949D4D2F8F9}.Release|iPhone.Build.0 = Release|Any CPU
		{083BC3D2-4B2F-4F34-91FE-E949D4D2F8F9}.Release|iPhoneSimulator.ActiveCfg = Release|Any CPU
		{083BC3D2-4B2F-4F34-91FE-E949D4D2F8F9}.Release|iPhoneSimulator.Build.0 = Release|Any CPU
	EndGlobalSection
	GlobalSection(SolutionProperties) = preSolution
		HideSolutionNode = FALSE
	EndGlobalSection
	GlobalSection(NestedProjects) = preSolution
		{71C101C3-42BA-4328-B759-94076CCF58A8} = {550BB933-480D-432D-9C48-655DACA592BA}
		{13E6A6DC-C235-4338-823B-2C24208A1C7C} = {5714ABEB-D203-45C1-95A8-A7FD066CBFEE}
		{9B46BC0A-31D3-4B7E-A770-3319C091A250} = {5714ABEB-D203-45C1-95A8-A7FD066CBFEE}
		{5714ABEB-D203-45C1-95A8-A7FD066CBFEE} = {550BB933-480D-432D-9C48-655DACA592BA}
		{67F9D3A8-F71E-4428-913F-C37AE82CDB24} = {92F66B9E-B584-4B45-AE55-C4DFD722FBA1}
		{BFB4A21F-4512-4950-9B94-0A6B4BCD94D6} = {A2C58E1B-B586-461A-B924-4422A69F36D2}
		{083BC3D2-4B2F-4F34-91FE-E949D4D2F8F9} = {92F66B9E-B584-4B45-AE55-C4DFD722FBA1}
	EndGlobalSection
EndGlobal
